
Microsoft Visual Studio Solution File, Format Version 12.00
# Visual Studio Version 16
VisualStudioVersion = 16.0.30621.155
MinimumVisualStudioVersion = 10.0.40219.1
Project("{FAE04EC0-301F-11D3-BF4B-00C04F79EFBC}") = "CSharpCourceTasks", "CSharpCourceTasks\CSharpCourceTasks.csproj", "{9E99FB07-F643-4899-9E3F-7A5E50998F05}"
EndProject
Project("{FAE04EC0-301F-11D3-BF4B-00C04F79EFBC}") = "Rectangle", "CSharpLesson1Task1\Rectangle.csproj", "{2A40CB8E-5C82-4E95-8E9E-1B0655518BAF}"
EndProject
Project("{FAE04EC0-301F-11D3-BF4B-00C04F79EFBC}") = "CSharpLesson2Task1", "CSharpLesson2Task1\CSharpLesson2Task1.csproj", "{94850F45-DA4B-4864-A4FC-5A7F2A4B2208}"
EndProject
Project("{2150E333-8FDC-42A3-9474-1A3956D46DE8}") = "Lesson 2", "Lesson 2", "{6FE9EB90-0F6E-40B6-82E3-6266716FC0CA}"
EndProject
Project("{2150E333-8FDC-42A3-9474-1A3956D46DE8}") = "Lesson 1", "Lesson 1", "{460D81BB-5C2D-45B5-8A5A-603EDD4D31F8}"
EndProject
Project("{FAE04EC0-301F-11D3-BF4B-00C04F79EFBC}") = "Circle", "Circle\Circle.csproj", "{2B9DCED7-EEA8-4D58-A069-208CE710376B}"
EndProject
Project("{FAE04EC0-301F-11D3-BF4B-00C04F79EFBC}") = "Greeting", "Greeting\Greeting.csproj", "{13A9A74A-9BFC-46F9-9EE3-5923CE48732B}"
EndProject
Project("{FAE04EC0-301F-11D3-BF4B-00C04F79EFBC}") = "Rectangle", "Rectangle\Rectangle.csproj", "{CECEDF8D-30F7-425A-BF43-F0A9CD30F73A}"
EndProject
Project("{9A19103F-16F7-4668-BE54-9A1E7A4F7556}") = "Calculation", "Calculation\Calculation.csproj", "{19202F06-AFA9-4108-AFD5-40EC76915AAB}"
EndProject
Project("{2150E333-8FDC-42A3-9474-1A3956D46DE8}") = "Lesson 3", "Lesson 3", "{80AEDE01-9235-40F8-8570-EAFC95F25ABA}"
EndProject
Project("{9A19103F-16F7-4668-BE54-9A1E7A4F7556}") = "MinMax", "MinMax\MinMax.csproj", "{44A602B2-7A10-4C7A-A623-E6BEBD14D8C7}"
EndProject
Project("{9A19103F-16F7-4668-BE54-9A1E7A4F7556}") = "Password", "Password\Password.csproj", "{90CCA6B0-300F-477C-90FD-2571B91C6278}"
EndProject
Project("{9A19103F-16F7-4668-BE54-9A1E7A4F7556}") = "LeapYear", "LeapYear\LeapYear.csproj", "{58427F7B-3C80-473B-B1DD-377ED42B125F}"
EndProject
Project("{9A19103F-16F7-4668-BE54-9A1E7A4F7556}") = "TriangleArea", "TriangleArea\TriangleArea.csproj", "{9A50A6FA-F744-42B8-A143-C47A86BB33D2}"
EndProject
Project("{9A19103F-16F7-4668-BE54-9A1E7A4F7556}") = "Age", "Age\Age.csproj", "{A1544064-366F-417F-8C38-2AC0B3900EAB}"
EndProject
Project("{9A19103F-16F7-4668-BE54-9A1E7A4F7556}") = "QuadraticEquation", "QuadraticEquation\QuadraticEquation.csproj", "{C2BADD1B-CC89-48F4-AD48-E12A5F8D0809}"
EndProject
Project("{9A19103F-16F7-4668-BE54-9A1E7A4F7556}") = "NextDate", "NextDate\NextDate.csproj", "{1F63D161-26E9-436B-B29A-D9B6D74877B8}"
EndProject
Project("{9A19103F-16F7-4668-BE54-9A1E7A4F7556}") = "Example", "Example\Example.csproj", "{DF1673FE-C0AC-48E9-B4C6-4D53EB29A1DC}"
EndProject
Project("{9A19103F-16F7-4668-BE54-9A1E7A4F7556}") = "switch", "switch\switch.csproj", "{3E37CE3E-0E28-4340-96AF-A186F33C688F}"
EndProject
Project("{2150E333-8FDC-42A3-9474-1A3956D46DE8}") = "Lesson 4", "Lesson 4", "{6F514D92-A26E-4701-9526-549987F653A2}"
EndProject
Project("{9A19103F-16F7-4668-BE54-9A1E7A4F7556}") = "while", "while\while.csproj", "{265BA9BA-DEB9-43DF-94C4-9A4F7217CB09}"
EndProject
Project("{9A19103F-16F7-4668-BE54-9A1E7A4F7556}") = "SeriesSum", "SeriesSum\SeriesSum.csproj", "{CC721A73-33E5-4FA3-B835-8CA961AB8C3E}"
EndProject
Project("{9A19103F-16F7-4668-BE54-9A1E7A4F7556}") = "OutputNumbersToString", "OutputNumbersToString\OutputNumbersToString.csproj", "{DB01B694-9711-4C70-8146-862EEA0FEC30}"
EndProject
Project("{9A19103F-16F7-4668-BE54-9A1E7A4F7556}") = "Digits", "Digits\Digits.csproj", "{77EF1412-A20C-436C-8B97-67A3A8508EB6}"
EndProject
Project("{9A19103F-16F7-4668-BE54-9A1E7A4F7556}") = "ExecuteCommand", "ExecuteCommand\ExecuteCommand.csproj", "{208E06CE-62AB-49B8-8CC6-80210E34760A}"
EndProject
Project("{9A19103F-16F7-4668-BE54-9A1E7A4F7556}") = "Average", "Average\Average.csproj", "{D8191F14-0888-4B41-8A6D-773BD94C6CCF}"
EndProject
Project("{9A19103F-16F7-4668-BE54-9A1E7A4F7556}") = "FibonacciNumber", "FibonacciNumber\FibonacciNumber.csproj", "{5117881D-A187-409A-B9BD-7BA8EB0B3D50}"
EndProject
Project("{9A19103F-16F7-4668-BE54-9A1E7A4F7556}") = "OutputNumbersToStringSimpl", "OutputNumbersToStringSimpl\OutputNumbersToStringSimpl.csproj", "{36C17374-AF14-45F3-9372-B89C7B0B4F81}"
EndProject
Project("{2150E333-8FDC-42A3-9474-1A3956D46DE8}") = "Lesson 5", "Lesson 5", "{18F721E4-0F23-47C2-B35A-B79778B8FB2A}"
EndProject
Project("{9A19103F-16F7-4668-BE54-9A1E7A4F7556}") = "L5For", "L5For\L5For.csproj", "{E7D2256F-2136-4471-8772-BF0E38ECF6CB}"
EndProject
Project("{9A19103F-16F7-4668-BE54-9A1E7A4F7556}") = "GuessingGame", "GuessingGame\GuessingGame.csproj", "{0D7F07B6-CA33-4F62-A430-A9D8C4DFAFD6}"
EndProject
Project("{9A19103F-16F7-4668-BE54-9A1E7A4F7556}") = "BankDeposit", "BankDeposit\BankDeposit.csproj", "{3189EF5A-D49A-49D2-9DAD-D342E80EECEB}"
EndProject
Project("{9A19103F-16F7-4668-BE54-9A1E7A4F7556}") = "MultiplicationTable", "MultiplicationTable\MultiplicationTable.csproj", "{25D390F5-3A72-4103-AB7C-3755E6FA887F}"
EndProject
Project("{9A19103F-16F7-4668-BE54-9A1E7A4F7556}") = "Puzzle", "Puzzle\Puzzle.csproj", "{9557E32D-3C7F-4BF1-8BE7-2F803E76806F}"
EndProject
Project("{9A19103F-16F7-4668-BE54-9A1E7A4F7556}") = "PrimeNumbers", "PrimeNumber\PrimeNumbers.csproj", "{41768C05-EF96-4FC0-A733-49E3EA0F8849}"
EndProject
Project("{9A19103F-16F7-4668-BE54-9A1E7A4F7556}") = "EuclideanAlgorithm", "EuclideanAlgorithm\EuclideanAlgorithm.csproj", "{29336E5F-92E7-43AC-8892-F3BBCBB50B1F}"
EndProject
Project("{2150E333-8FDC-42A3-9474-1A3956D46DE8}") = "Lesson 6", "Lesson 6", "{2A20FA29-CEFA-4544-9DF7-2A891EF60924}"
EndProject
Project("{9A19103F-16F7-4668-BE54-9A1E7A4F7556}") = "ls6_func", "ls6_func\ls6_func.csproj", "{E43C9698-8205-4415-8EF6-C80F86507D4A}"
EndProject
Project("{9A19103F-16F7-4668-BE54-9A1E7A4F7556}") = "PrintAndRead", "PrintAndRead\PrintAndRead.csproj", "{581A4BD4-FC60-4F88-9B69-E015D8A98BE4}"
EndProject
Project("{9A19103F-16F7-4668-BE54-9A1E7A4F7556}") = "TemperatureConvert", "TemperatureConvert\TemperatureConvert.csproj", "{C294C6BB-4347-427C-A322-F3AA92A624C2}"
EndProject
Project("{9A19103F-16F7-4668-BE54-9A1E7A4F7556}") = "Overload", "Overload\Overload.csproj", "{C8D5D762-947F-4709-9095-7D30478218DF}"
EndProject
Project("{9A19103F-16F7-4668-BE54-9A1E7A4F7556}") = "OrderCost", "OrderCost\OrderCost.csproj", "{5D9FBE73-6E63-4227-BCD6-2C6E0F5D0312}"
EndProject
Project("{2150E333-8FDC-42A3-9474-1A3956D46DE8}") = "Lesson 7", "Lesson 7", "{34D6F7C3-5402-41F9-9198-6D41C2E3296F}"
EndProject
Project("{9A19103F-16F7-4668-BE54-9A1E7A4F7556}") = "Contact", "Contact\Contact.csproj", "{BAC34EF4-C839-4EA7-9FFC-76AA382026B1}"
EndProject
Project("{9A19103F-16F7-4668-BE54-9A1E7A4F7556}") = "Range", "Range\Range.csproj", "{E10B014E-E82E-42D5-8D4C-31503AD4E49E}"
EndProject
Project("{2150E333-8FDC-42A3-9474-1A3956D46DE8}") = "Lesson 8", "Lesson 8", "{8EDB635D-C5A4-4EBC-8369-BC2E36FA403E}"
EndProject
Project("{9A19103F-16F7-4668-BE54-9A1E7A4F7556}") = "CharCheck", "CharCheck\CharCheck.csproj", "{1C48ED6D-64B1-4212-A394-1F620666AD53}"
EndProject
Project("{9A19103F-16F7-4668-BE54-9A1E7A4F7556}") = "Palindrome", "Palindrome\Palindrome.csproj", "{E3241148-EA3A-4B4B-8F3F-B2CDD74C35AC}"
EndProject
Project("{9A19103F-16F7-4668-BE54-9A1E7A4F7556}") = "Substring", "SubString\Substring.csproj", "{28A46D27-DC46-4274-9C07-E0C1F5012839}"
EndProject
Project("{2150E333-8FDC-42A3-9474-1A3956D46DE8}") = "Lesson 9", "Lesson 9", "{0B56FA11-BBC2-48B2-8E8C-54EF55C41221}"
EndProject
Project("{9A19103F-16F7-4668-BE54-9A1E7A4F7556}") = "Array", "Array\Array.csproj", "{16811B8F-85B7-463D-83DB-49483AA84D69}"
EndProject
Project("{9A19103F-16F7-4668-BE54-9A1E7A4F7556}") = "SearchMaximumElement", "SearchMaximumElement\SearchMaximumElement.csproj", "{B30C8FF4-9368-4640-A15D-D978DFD33AAA}"
EndProject
Project("{9A19103F-16F7-4668-BE54-9A1E7A4F7556}") = "SearchElement", "SearchElement\SearchElement.csproj", "{DBF5119E-FCCB-4F94-AFDE-E3677E4C1507}"
EndProject
Project("{9A19103F-16F7-4668-BE54-9A1E7A4F7556}") = "AverageArray", "AverageArray\AverageArray.csproj", "{9F97D142-9EFA-4FD4-9629-ECEA7FDADFC0}"
EndProject
Project("{9A19103F-16F7-4668-BE54-9A1E7A4F7556}") = "ReverseOrderArray", "ReverseOrderArray\ReverseOrderArray.csproj", "{709EEA92-193F-4F4A-8A5E-C22E521D46D2}"
EndProject
Project("{9A19103F-16F7-4668-BE54-9A1E7A4F7556}") = "StringArrayToUpper", "ArrayStringToUpper\StringArrayToUpper.csproj", "{BF4F0910-E164-488C-B5E0-DB76C53A1C28}"
EndProject
Project("{9A19103F-16F7-4668-BE54-9A1E7A4F7556}") = "SortingCheck", "CheckingSorting\SortingCheck.csproj", "{18772D12-33E5-474B-A126-9B2D666E2622}"
EndProject
Project("{9A19103F-16F7-4668-BE54-9A1E7A4F7556}") = "ArrayMultiplicationTable", "qwer\ArrayMultiplicationTable.csproj", "{4CFA0AFA-64D8-4F9E-9325-62864E667FC7}"
EndProject
Project("{2150E333-8FDC-42A3-9474-1A3956D46DE8}") = "Lesson 10", "Lesson 10", "{31955289-E96B-495E-BE41-487C222D5494}"
EndProject
Project("{9A19103F-16F7-4668-BE54-9A1E7A4F7556}") = "L10Pow", "L10Pow\L10Pow.csproj", "{3B616760-F493-42BB-97B9-8D05A2CD6E18}"
EndProject
Project("{9A19103F-16F7-4668-BE54-9A1E7A4F7556}") = "BinarySearch", "BinarySearch\BinarySearch.csproj", "{114780F7-F716-433D-8C67-60872F252667}"
EndProject
Project("{2150E333-8FDC-42A3-9474-1A3956D46DE8}") = "Lesson 11", "Lesson 11", "{D027040B-8313-4502-B53E-A43A9C7E272D}"
EndProject
Project("{9A19103F-16F7-4668-BE54-9A1E7A4F7556}") = "SelectionSort", "InsertSort\SelectionSort.csproj", "{F42263AB-2666-4315-833E-3CDC579D108F}"
EndProject
Project("{9A19103F-16F7-4668-BE54-9A1E7A4F7556}") = "BubbleSort", "BubleSort\BubbleSort.csproj", "{BF3B3F3F-A613-4A76-AD09-0FD4138B17EF}"
EndProject
Project("{9A19103F-16F7-4668-BE54-9A1E7A4F7556}") = "_InsertSort", "_InsertSort\_InsertSort.csproj", "{E9379327-5042-4607-BEC2-401BFB385F08}"
EndProject
Project("{9A19103F-16F7-4668-BE54-9A1E7A4F7556}") = "QuickSort", "Q uickSort\QuickSort.csproj", "{4AF18F5B-3E0B-4F82-A690-8E261A5F8752}"
EndProject
Project("{9A19103F-16F7-4668-BE54-9A1E7A4F7556}") = "ServerName", "ServerName\ServerName.csproj", "{CB015AB6-3111-4C29-B3B8-6DF2CFC23F90}"
EndProject
Project("{2150E333-8FDC-42A3-9474-1A3956D46DE8}") = "Lesson 12", "Lesson 12", "{64E610FC-1D30-465C-869A-806EBB8E7CE8}"
EndProject
Project("{9A19103F-16F7-4668-BE54-9A1E7A4F7556}") = "StringSplitting", "StringSplitting\StringSplitting.csproj", "{214EDB28-AD4C-43A9-AAF0-FCB5D19D9A75}"
EndProject
Project("{9A19103F-16F7-4668-BE54-9A1E7A4F7556}") = "FilesConvert", "FilesConvert\FilesConvert.csproj", "{C4B8BE61-A81D-4DF2-ADEA-DF311E199AE8}"
EndProject
Project("{9A19103F-16F7-4668-BE54-9A1E7A4F7556}") = "Occurrence", "Occurrence\Occurrence.csproj", "{19137109-5CCF-4959-8F46-2FCA5DE96866}"
EndProject
Project("{2150E333-8FDC-42A3-9474-1A3956D46DE8}") = "Lesson 13", "Lesson 13", "{F150B92F-FF7E-4183-9212-F23A09378787}"
EndProject
Project("{9A19103F-16F7-4668-BE54-9A1E7A4F7556}") = "ColorConversion", "ColorConversion\ColorConversion.csproj", "{BBE9181E-4CD1-43C5-92F3-5F00F0DB8329}"
EndProject
Project("{9A19103F-16F7-4668-BE54-9A1E7A4F7556}") = "HeapSort", "HeapSort\HeapSort.csproj", "{5AFD4844-80C3-4AE0-82EA-C68C374067E7}"
EndProject
Project("{2150E333-8FDC-42A3-9474-1A3956D46DE8}") = "Course Work", "Course Work", "{137963AF-4923-4700-99D6-FDD0ADCDBF57}"
EndProject
Project("{9A19103F-16F7-4668-BE54-9A1E7A4F7556}") = "FileConvert", "FileConvert\FileConvert.csproj", "{13FE33C9-ECB3-4DDE-9B4A-0DDA6224B4C0}"
EndProject
Project("{FAE04EC0-301F-11D3-BF4B-00C04F79EFBC}") = "MatrixDeterminant", "MatrixDeterminant\MatrixDeterminant.csproj", "{C4C9C322-CEFF-4F39-A9E9-30F2C0E48261}"
EndProject
Global
	GlobalSection(SolutionConfigurationPlatforms) = preSolution
		Debug|Any CPU = Debug|Any CPU
		Release|Any CPU = Release|Any CPU
	EndGlobalSection
	GlobalSection(ProjectConfigurationPlatforms) = postSolution
		{9E99FB07-F643-4899-9E3F-7A5E50998F05}.Debug|Any CPU.ActiveCfg = Debug|Any CPU
		{9E99FB07-F643-4899-9E3F-7A5E50998F05}.Debug|Any CPU.Build.0 = Debug|Any CPU
		{9E99FB07-F643-4899-9E3F-7A5E50998F05}.Release|Any CPU.ActiveCfg = Release|Any CPU
		{9E99FB07-F643-4899-9E3F-7A5E50998F05}.Release|Any CPU.Build.0 = Release|Any CPU
		{2A40CB8E-5C82-4E95-8E9E-1B0655518BAF}.Debug|Any CPU.ActiveCfg = Debug|Any CPU
		{2A40CB8E-5C82-4E95-8E9E-1B0655518BAF}.Debug|Any CPU.Build.0 = Debug|Any CPU
		{2A40CB8E-5C82-4E95-8E9E-1B0655518BAF}.Release|Any CPU.ActiveCfg = Release|Any CPU
		{2A40CB8E-5C82-4E95-8E9E-1B0655518BAF}.Release|Any CPU.Build.0 = Release|Any CPU
		{94850F45-DA4B-4864-A4FC-5A7F2A4B2208}.Debug|Any CPU.ActiveCfg = Debug|Any CPU
		{94850F45-DA4B-4864-A4FC-5A7F2A4B2208}.Debug|Any CPU.Build.0 = Debug|Any CPU
		{94850F45-DA4B-4864-A4FC-5A7F2A4B2208}.Release|Any CPU.ActiveCfg = Release|Any CPU
		{94850F45-DA4B-4864-A4FC-5A7F2A4B2208}.Release|Any CPU.Build.0 = Release|Any CPU
		{2B9DCED7-EEA8-4D58-A069-208CE710376B}.Debug|Any CPU.ActiveCfg = Debug|Any CPU
		{2B9DCED7-EEA8-4D58-A069-208CE710376B}.Debug|Any CPU.Build.0 = Debug|Any CPU
		{2B9DCED7-EEA8-4D58-A069-208CE710376B}.Release|Any CPU.ActiveCfg = Release|Any CPU
		{2B9DCED7-EEA8-4D58-A069-208CE710376B}.Release|Any CPU.Build.0 = Release|Any CPU
		{13A9A74A-9BFC-46F9-9EE3-5923CE48732B}.Debug|Any CPU.ActiveCfg = Debug|Any CPU
		{13A9A74A-9BFC-46F9-9EE3-5923CE48732B}.Debug|Any CPU.Build.0 = Debug|Any CPU
		{13A9A74A-9BFC-46F9-9EE3-5923CE48732B}.Release|Any CPU.ActiveCfg = Release|Any CPU
		{13A9A74A-9BFC-46F9-9EE3-5923CE48732B}.Release|Any CPU.Build.0 = Release|Any CPU
		{CECEDF8D-30F7-425A-BF43-F0A9CD30F73A}.Debug|Any CPU.ActiveCfg = Debug|Any CPU
		{CECEDF8D-30F7-425A-BF43-F0A9CD30F73A}.Debug|Any CPU.Build.0 = Debug|Any CPU
		{CECEDF8D-30F7-425A-BF43-F0A9CD30F73A}.Release|Any CPU.ActiveCfg = Release|Any CPU
		{CECEDF8D-30F7-425A-BF43-F0A9CD30F73A}.Release|Any CPU.Build.0 = Release|Any CPU
		{19202F06-AFA9-4108-AFD5-40EC76915AAB}.Debug|Any CPU.ActiveCfg = Debug|Any CPU
		{19202F06-AFA9-4108-AFD5-40EC76915AAB}.Debug|Any CPU.Build.0 = Debug|Any CPU
		{19202F06-AFA9-4108-AFD5-40EC76915AAB}.Release|Any CPU.ActiveCfg = Release|Any CPU
		{19202F06-AFA9-4108-AFD5-40EC76915AAB}.Release|Any CPU.Build.0 = Release|Any CPU
		{44A602B2-7A10-4C7A-A623-E6BEBD14D8C7}.Debug|Any CPU.ActiveCfg = Debug|Any CPU
		{44A602B2-7A10-4C7A-A623-E6BEBD14D8C7}.Debug|Any CPU.Build.0 = Debug|Any CPU
		{44A602B2-7A10-4C7A-A623-E6BEBD14D8C7}.Release|Any CPU.ActiveCfg = Release|Any CPU
		{44A602B2-7A10-4C7A-A623-E6BEBD14D8C7}.Release|Any CPU.Build.0 = Release|Any CPU
		{90CCA6B0-300F-477C-90FD-2571B91C6278}.Debug|Any CPU.ActiveCfg = Debug|Any CPU
		{90CCA6B0-300F-477C-90FD-2571B91C6278}.Debug|Any CPU.Build.0 = Debug|Any CPU
		{90CCA6B0-300F-477C-90FD-2571B91C6278}.Release|Any CPU.ActiveCfg = Release|Any CPU
		{90CCA6B0-300F-477C-90FD-2571B91C6278}.Release|Any CPU.Build.0 = Release|Any CPU
		{58427F7B-3C80-473B-B1DD-377ED42B125F}.Debug|Any CPU.ActiveCfg = Debug|Any CPU
		{58427F7B-3C80-473B-B1DD-377ED42B125F}.Debug|Any CPU.Build.0 = Debug|Any CPU
		{58427F7B-3C80-473B-B1DD-377ED42B125F}.Release|Any CPU.ActiveCfg = Release|Any CPU
		{58427F7B-3C80-473B-B1DD-377ED42B125F}.Release|Any CPU.Build.0 = Release|Any CPU
		{9A50A6FA-F744-42B8-A143-C47A86BB33D2}.Debug|Any CPU.ActiveCfg = Debug|Any CPU
		{9A50A6FA-F744-42B8-A143-C47A86BB33D2}.Debug|Any CPU.Build.0 = Debug|Any CPU
		{9A50A6FA-F744-42B8-A143-C47A86BB33D2}.Release|Any CPU.ActiveCfg = Release|Any CPU
		{9A50A6FA-F744-42B8-A143-C47A86BB33D2}.Release|Any CPU.Build.0 = Release|Any CPU
		{A1544064-366F-417F-8C38-2AC0B3900EAB}.Debug|Any CPU.ActiveCfg = Debug|Any CPU
		{A1544064-366F-417F-8C38-2AC0B3900EAB}.Debug|Any CPU.Build.0 = Debug|Any CPU
		{A1544064-366F-417F-8C38-2AC0B3900EAB}.Release|Any CPU.ActiveCfg = Release|Any CPU
		{A1544064-366F-417F-8C38-2AC0B3900EAB}.Release|Any CPU.Build.0 = Release|Any CPU
		{C2BADD1B-CC89-48F4-AD48-E12A5F8D0809}.Debug|Any CPU.ActiveCfg = Debug|Any CPU
		{C2BADD1B-CC89-48F4-AD48-E12A5F8D0809}.Debug|Any CPU.Build.0 = Debug|Any CPU
		{C2BADD1B-CC89-48F4-AD48-E12A5F8D0809}.Release|Any CPU.ActiveCfg = Release|Any CPU
		{C2BADD1B-CC89-48F4-AD48-E12A5F8D0809}.Release|Any CPU.Build.0 = Release|Any CPU
		{1F63D161-26E9-436B-B29A-D9B6D74877B8}.Debug|Any CPU.ActiveCfg = Debug|Any CPU
		{1F63D161-26E9-436B-B29A-D9B6D74877B8}.Debug|Any CPU.Build.0 = Debug|Any CPU
		{1F63D161-26E9-436B-B29A-D9B6D74877B8}.Release|Any CPU.ActiveCfg = Release|Any CPU
		{1F63D161-26E9-436B-B29A-D9B6D74877B8}.Release|Any CPU.Build.0 = Release|Any CPU
		{DF1673FE-C0AC-48E9-B4C6-4D53EB29A1DC}.Debug|Any CPU.ActiveCfg = Debug|Any CPU
		{DF1673FE-C0AC-48E9-B4C6-4D53EB29A1DC}.Debug|Any CPU.Build.0 = Debug|Any CPU
		{DF1673FE-C0AC-48E9-B4C6-4D53EB29A1DC}.Release|Any CPU.ActiveCfg = Release|Any CPU
		{DF1673FE-C0AC-48E9-B4C6-4D53EB29A1DC}.Release|Any CPU.Build.0 = Release|Any CPU
		{3E37CE3E-0E28-4340-96AF-A186F33C688F}.Debug|Any CPU.ActiveCfg = Debug|Any CPU
		{3E37CE3E-0E28-4340-96AF-A186F33C688F}.Debug|Any CPU.Build.0 = Debug|Any CPU
		{3E37CE3E-0E28-4340-96AF-A186F33C688F}.Release|Any CPU.ActiveCfg = Release|Any CPU
		{3E37CE3E-0E28-4340-96AF-A186F33C688F}.Release|Any CPU.Build.0 = Release|Any CPU
		{265BA9BA-DEB9-43DF-94C4-9A4F7217CB09}.Debug|Any CPU.ActiveCfg = Debug|Any CPU
		{265BA9BA-DEB9-43DF-94C4-9A4F7217CB09}.Debug|Any CPU.Build.0 = Debug|Any CPU
		{265BA9BA-DEB9-43DF-94C4-9A4F7217CB09}.Release|Any CPU.ActiveCfg = Release|Any CPU
		{265BA9BA-DEB9-43DF-94C4-9A4F7217CB09}.Release|Any CPU.Build.0 = Release|Any CPU
		{CC721A73-33E5-4FA3-B835-8CA961AB8C3E}.Debug|Any CPU.ActiveCfg = Debug|Any CPU
		{CC721A73-33E5-4FA3-B835-8CA961AB8C3E}.Debug|Any CPU.Build.0 = Debug|Any CPU
		{CC721A73-33E5-4FA3-B835-8CA961AB8C3E}.Release|Any CPU.ActiveCfg = Release|Any CPU
		{CC721A73-33E5-4FA3-B835-8CA961AB8C3E}.Release|Any CPU.Build.0 = Release|Any CPU
		{DB01B694-9711-4C70-8146-862EEA0FEC30}.Debug|Any CPU.ActiveCfg = Debug|Any CPU
		{DB01B694-9711-4C70-8146-862EEA0FEC30}.Debug|Any CPU.Build.0 = Debug|Any CPU
		{DB01B694-9711-4C70-8146-862EEA0FEC30}.Release|Any CPU.ActiveCfg = Release|Any CPU
		{DB01B694-9711-4C70-8146-862EEA0FEC30}.Release|Any CPU.Build.0 = Release|Any CPU
		{77EF1412-A20C-436C-8B97-67A3A8508EB6}.Debug|Any CPU.ActiveCfg = Debug|Any CPU
		{77EF1412-A20C-436C-8B97-67A3A8508EB6}.Debug|Any CPU.Build.0 = Debug|Any CPU
		{77EF1412-A20C-436C-8B97-67A3A8508EB6}.Release|Any CPU.ActiveCfg = Release|Any CPU
		{77EF1412-A20C-436C-8B97-67A3A8508EB6}.Release|Any CPU.Build.0 = Release|Any CPU
		{208E06CE-62AB-49B8-8CC6-80210E34760A}.Debug|Any CPU.ActiveCfg = Debug|Any CPU
		{208E06CE-62AB-49B8-8CC6-80210E34760A}.Debug|Any CPU.Build.0 = Debug|Any CPU
		{208E06CE-62AB-49B8-8CC6-80210E34760A}.Release|Any CPU.ActiveCfg = Release|Any CPU
		{208E06CE-62AB-49B8-8CC6-80210E34760A}.Release|Any CPU.Build.0 = Release|Any CPU
		{D8191F14-0888-4B41-8A6D-773BD94C6CCF}.Debug|Any CPU.ActiveCfg = Debug|Any CPU
		{D8191F14-0888-4B41-8A6D-773BD94C6CCF}.Debug|Any CPU.Build.0 = Debug|Any CPU
		{D8191F14-0888-4B41-8A6D-773BD94C6CCF}.Release|Any CPU.ActiveCfg = Release|Any CPU
		{D8191F14-0888-4B41-8A6D-773BD94C6CCF}.Release|Any CPU.Build.0 = Release|Any CPU
		{5117881D-A187-409A-B9BD-7BA8EB0B3D50}.Debug|Any CPU.ActiveCfg = Debug|Any CPU
		{5117881D-A187-409A-B9BD-7BA8EB0B3D50}.Debug|Any CPU.Build.0 = Debug|Any CPU
		{5117881D-A187-409A-B9BD-7BA8EB0B3D50}.Release|Any CPU.ActiveCfg = Release|Any CPU
		{5117881D-A187-409A-B9BD-7BA8EB0B3D50}.Release|Any CPU.Build.0 = Release|Any CPU
		{36C17374-AF14-45F3-9372-B89C7B0B4F81}.Debug|Any CPU.ActiveCfg = Debug|Any CPU
		{36C17374-AF14-45F3-9372-B89C7B0B4F81}.Debug|Any CPU.Build.0 = Debug|Any CPU
		{36C17374-AF14-45F3-9372-B89C7B0B4F81}.Release|Any CPU.ActiveCfg = Release|Any CPU
		{36C17374-AF14-45F3-9372-B89C7B0B4F81}.Release|Any CPU.Build.0 = Release|Any CPU
		{E7D2256F-2136-4471-8772-BF0E38ECF6CB}.Debug|Any CPU.ActiveCfg = Debug|Any CPU
		{E7D2256F-2136-4471-8772-BF0E38ECF6CB}.Debug|Any CPU.Build.0 = Debug|Any CPU
		{E7D2256F-2136-4471-8772-BF0E38ECF6CB}.Release|Any CPU.ActiveCfg = Release|Any CPU
		{E7D2256F-2136-4471-8772-BF0E38ECF6CB}.Release|Any CPU.Build.0 = Release|Any CPU
		{0D7F07B6-CA33-4F62-A430-A9D8C4DFAFD6}.Debug|Any CPU.ActiveCfg = Debug|Any CPU
		{0D7F07B6-CA33-4F62-A430-A9D8C4DFAFD6}.Debug|Any CPU.Build.0 = Debug|Any CPU
		{0D7F07B6-CA33-4F62-A430-A9D8C4DFAFD6}.Release|Any CPU.ActiveCfg = Release|Any CPU
		{0D7F07B6-CA33-4F62-A430-A9D8C4DFAFD6}.Release|Any CPU.Build.0 = Release|Any CPU
		{3189EF5A-D49A-49D2-9DAD-D342E80EECEB}.Debug|Any CPU.ActiveCfg = Debug|Any CPU
		{3189EF5A-D49A-49D2-9DAD-D342E80EECEB}.Debug|Any CPU.Build.0 = Debug|Any CPU
		{3189EF5A-D49A-49D2-9DAD-D342E80EECEB}.Release|Any CPU.ActiveCfg = Release|Any CPU
		{3189EF5A-D49A-49D2-9DAD-D342E80EECEB}.Release|Any CPU.Build.0 = Release|Any CPU
		{25D390F5-3A72-4103-AB7C-3755E6FA887F}.Debug|Any CPU.ActiveCfg = Debug|Any CPU
		{25D390F5-3A72-4103-AB7C-3755E6FA887F}.Debug|Any CPU.Build.0 = Debug|Any CPU
		{25D390F5-3A72-4103-AB7C-3755E6FA887F}.Release|Any CPU.ActiveCfg = Release|Any CPU
		{25D390F5-3A72-4103-AB7C-3755E6FA887F}.Release|Any CPU.Build.0 = Release|Any CPU
		{9557E32D-3C7F-4BF1-8BE7-2F803E76806F}.Debug|Any CPU.ActiveCfg = Debug|Any CPU
		{9557E32D-3C7F-4BF1-8BE7-2F803E76806F}.Debug|Any CPU.Build.0 = Debug|Any CPU
		{9557E32D-3C7F-4BF1-8BE7-2F803E76806F}.Release|Any CPU.ActiveCfg = Release|Any CPU
		{9557E32D-3C7F-4BF1-8BE7-2F803E76806F}.Release|Any CPU.Build.0 = Release|Any CPU
		{41768C05-EF96-4FC0-A733-49E3EA0F8849}.Debug|Any CPU.ActiveCfg = Debug|Any CPU
		{41768C05-EF96-4FC0-A733-49E3EA0F8849}.Debug|Any CPU.Build.0 = Debug|Any CPU
		{41768C05-EF96-4FC0-A733-49E3EA0F8849}.Release|Any CPU.ActiveCfg = Release|Any CPU
		{41768C05-EF96-4FC0-A733-49E3EA0F8849}.Release|Any CPU.Build.0 = Release|Any CPU
		{29336E5F-92E7-43AC-8892-F3BBCBB50B1F}.Debug|Any CPU.ActiveCfg = Debug|Any CPU
		{29336E5F-92E7-43AC-8892-F3BBCBB50B1F}.Debug|Any CPU.Build.0 = Debug|Any CPU
		{29336E5F-92E7-43AC-8892-F3BBCBB50B1F}.Release|Any CPU.ActiveCfg = Release|Any CPU
		{29336E5F-92E7-43AC-8892-F3BBCBB50B1F}.Release|Any CPU.Build.0 = Release|Any CPU
		{E43C9698-8205-4415-8EF6-C80F86507D4A}.Debug|Any CPU.ActiveCfg = Debug|Any CPU
		{E43C9698-8205-4415-8EF6-C80F86507D4A}.Debug|Any CPU.Build.0 = Debug|Any CPU
		{E43C9698-8205-4415-8EF6-C80F86507D4A}.Release|Any CPU.ActiveCfg = Release|Any CPU
		{E43C9698-8205-4415-8EF6-C80F86507D4A}.Release|Any CPU.Build.0 = Release|Any CPU
		{581A4BD4-FC60-4F88-9B69-E015D8A98BE4}.Debug|Any CPU.ActiveCfg = Debug|Any CPU
		{581A4BD4-FC60-4F88-9B69-E015D8A98BE4}.Debug|Any CPU.Build.0 = Debug|Any CPU
		{581A4BD4-FC60-4F88-9B69-E015D8A98BE4}.Release|Any CPU.ActiveCfg = Release|Any CPU
		{581A4BD4-FC60-4F88-9B69-E015D8A98BE4}.Release|Any CPU.Build.0 = Release|Any CPU
		{C294C6BB-4347-427C-A322-F3AA92A624C2}.Debug|Any CPU.ActiveCfg = Debug|Any CPU
		{C294C6BB-4347-427C-A322-F3AA92A624C2}.Debug|Any CPU.Build.0 = Debug|Any CPU
		{C294C6BB-4347-427C-A322-F3AA92A624C2}.Release|Any CPU.ActiveCfg = Release|Any CPU
		{C294C6BB-4347-427C-A322-F3AA92A624C2}.Release|Any CPU.Build.0 = Release|Any CPU
		{C8D5D762-947F-4709-9095-7D30478218DF}.Debug|Any CPU.ActiveCfg = Debug|Any CPU
		{C8D5D762-947F-4709-9095-7D30478218DF}.Debug|Any CPU.Build.0 = Debug|Any CPU
		{C8D5D762-947F-4709-9095-7D30478218DF}.Release|Any CPU.ActiveCfg = Release|Any CPU
		{C8D5D762-947F-4709-9095-7D30478218DF}.Release|Any CPU.Build.0 = Release|Any CPU
		{5D9FBE73-6E63-4227-BCD6-2C6E0F5D0312}.Debug|Any CPU.ActiveCfg = Debug|Any CPU
		{5D9FBE73-6E63-4227-BCD6-2C6E0F5D0312}.Debug|Any CPU.Build.0 = Debug|Any CPU
		{5D9FBE73-6E63-4227-BCD6-2C6E0F5D0312}.Release|Any CPU.ActiveCfg = Release|Any CPU
		{5D9FBE73-6E63-4227-BCD6-2C6E0F5D0312}.Release|Any CPU.Build.0 = Release|Any CPU
		{BAC34EF4-C839-4EA7-9FFC-76AA382026B1}.Debug|Any CPU.ActiveCfg = Debug|Any CPU
		{BAC34EF4-C839-4EA7-9FFC-76AA382026B1}.Debug|Any CPU.Build.0 = Debug|Any CPU
		{BAC34EF4-C839-4EA7-9FFC-76AA382026B1}.Release|Any CPU.ActiveCfg = Release|Any CPU
		{BAC34EF4-C839-4EA7-9FFC-76AA382026B1}.Release|Any CPU.Build.0 = Release|Any CPU
		{E10B014E-E82E-42D5-8D4C-31503AD4E49E}.Debug|Any CPU.ActiveCfg = Debug|Any CPU
		{E10B014E-E82E-42D5-8D4C-31503AD4E49E}.Debug|Any CPU.Build.0 = Debug|Any CPU
		{E10B014E-E82E-42D5-8D4C-31503AD4E49E}.Release|Any CPU.ActiveCfg = Release|Any CPU
		{E10B014E-E82E-42D5-8D4C-31503AD4E49E}.Release|Any CPU.Build.0 = Release|Any CPU
		{1C48ED6D-64B1-4212-A394-1F620666AD53}.Debug|Any CPU.ActiveCfg = Debug|Any CPU
		{1C48ED6D-64B1-4212-A394-1F620666AD53}.Debug|Any CPU.Build.0 = Debug|Any CPU
		{1C48ED6D-64B1-4212-A394-1F620666AD53}.Release|Any CPU.ActiveCfg = Release|Any CPU
		{1C48ED6D-64B1-4212-A394-1F620666AD53}.Release|Any CPU.Build.0 = Release|Any CPU
		{E3241148-EA3A-4B4B-8F3F-B2CDD74C35AC}.Debug|Any CPU.ActiveCfg = Debug|Any CPU
		{E3241148-EA3A-4B4B-8F3F-B2CDD74C35AC}.Debug|Any CPU.Build.0 = Debug|Any CPU
		{E3241148-EA3A-4B4B-8F3F-B2CDD74C35AC}.Release|Any CPU.ActiveCfg = Release|Any CPU
		{E3241148-EA3A-4B4B-8F3F-B2CDD74C35AC}.Release|Any CPU.Build.0 = Release|Any CPU
		{28A46D27-DC46-4274-9C07-E0C1F5012839}.Debug|Any CPU.ActiveCfg = Debug|Any CPU
		{28A46D27-DC46-4274-9C07-E0C1F5012839}.Debug|Any CPU.Build.0 = Debug|Any CPU
		{28A46D27-DC46-4274-9C07-E0C1F5012839}.Release|Any CPU.ActiveCfg = Release|Any CPU
		{28A46D27-DC46-4274-9C07-E0C1F5012839}.Release|Any CPU.Build.0 = Release|Any CPU
		{16811B8F-85B7-463D-83DB-49483AA84D69}.Debug|Any CPU.ActiveCfg = Debug|Any CPU
		{16811B8F-85B7-463D-83DB-49483AA84D69}.Debug|Any CPU.Build.0 = Debug|Any CPU
		{16811B8F-85B7-463D-83DB-49483AA84D69}.Release|Any CPU.ActiveCfg = Release|Any CPU
		{16811B8F-85B7-463D-83DB-49483AA84D69}.Release|Any CPU.Build.0 = Release|Any CPU
		{B30C8FF4-9368-4640-A15D-D978DFD33AAA}.Debug|Any CPU.ActiveCfg = Debug|Any CPU
		{B30C8FF4-9368-4640-A15D-D978DFD33AAA}.Debug|Any CPU.Build.0 = Debug|Any CPU
		{B30C8FF4-9368-4640-A15D-D978DFD33AAA}.Release|Any CPU.ActiveCfg = Release|Any CPU
		{B30C8FF4-9368-4640-A15D-D978DFD33AAA}.Release|Any CPU.Build.0 = Release|Any CPU
		{DBF5119E-FCCB-4F94-AFDE-E3677E4C1507}.Debug|Any CPU.ActiveCfg = Debug|Any CPU
		{DBF5119E-FCCB-4F94-AFDE-E3677E4C1507}.Debug|Any CPU.Build.0 = Debug|Any CPU
		{DBF5119E-FCCB-4F94-AFDE-E3677E4C1507}.Release|Any CPU.ActiveCfg = Release|Any CPU
		{DBF5119E-FCCB-4F94-AFDE-E3677E4C1507}.Release|Any CPU.Build.0 = Release|Any CPU
		{9F97D142-9EFA-4FD4-9629-ECEA7FDADFC0}.Debug|Any CPU.ActiveCfg = Debug|Any CPU
		{9F97D142-9EFA-4FD4-9629-ECEA7FDADFC0}.Debug|Any CPU.Build.0 = Debug|Any CPU
		{9F97D142-9EFA-4FD4-9629-ECEA7FDADFC0}.Release|Any CPU.ActiveCfg = Release|Any CPU
		{9F97D142-9EFA-4FD4-9629-ECEA7FDADFC0}.Release|Any CPU.Build.0 = Release|Any CPU
		{709EEA92-193F-4F4A-8A5E-C22E521D46D2}.Debug|Any CPU.ActiveCfg = Debug|Any CPU
		{709EEA92-193F-4F4A-8A5E-C22E521D46D2}.Debug|Any CPU.Build.0 = Debug|Any CPU
		{709EEA92-193F-4F4A-8A5E-C22E521D46D2}.Release|Any CPU.ActiveCfg = Release|Any CPU
		{709EEA92-193F-4F4A-8A5E-C22E521D46D2}.Release|Any CPU.Build.0 = Release|Any CPU
		{BF4F0910-E164-488C-B5E0-DB76C53A1C28}.Debug|Any CPU.ActiveCfg = Debug|Any CPU
		{BF4F0910-E164-488C-B5E0-DB76C53A1C28}.Debug|Any CPU.Build.0 = Debug|Any CPU
		{BF4F0910-E164-488C-B5E0-DB76C53A1C28}.Release|Any CPU.ActiveCfg = Release|Any CPU
		{BF4F0910-E164-488C-B5E0-DB76C53A1C28}.Release|Any CPU.Build.0 = Release|Any CPU
		{18772D12-33E5-474B-A126-9B2D666E2622}.Debug|Any CPU.ActiveCfg = Debug|Any CPU
		{18772D12-33E5-474B-A126-9B2D666E2622}.Debug|Any CPU.Build.0 = Debug|Any CPU
		{18772D12-33E5-474B-A126-9B2D666E2622}.Release|Any CPU.ActiveCfg = Release|Any CPU
		{18772D12-33E5-474B-A126-9B2D666E2622}.Release|Any CPU.Build.0 = Release|Any CPU
		{4CFA0AFA-64D8-4F9E-9325-62864E667FC7}.Debug|Any CPU.ActiveCfg = Debug|Any CPU
		{4CFA0AFA-64D8-4F9E-9325-62864E667FC7}.Debug|Any CPU.Build.0 = Debug|Any CPU
		{4CFA0AFA-64D8-4F9E-9325-62864E667FC7}.Release|Any CPU.ActiveCfg = Release|Any CPU
		{4CFA0AFA-64D8-4F9E-9325-62864E667FC7}.Release|Any CPU.Build.0 = Release|Any CPU
		{3B616760-F493-42BB-97B9-8D05A2CD6E18}.Debug|Any CPU.ActiveCfg = Debug|Any CPU
		{3B616760-F493-42BB-97B9-8D05A2CD6E18}.Debug|Any CPU.Build.0 = Debug|Any CPU
		{3B616760-F493-42BB-97B9-8D05A2CD6E18}.Release|Any CPU.ActiveCfg = Release|Any CPU
		{3B616760-F493-42BB-97B9-8D05A2CD6E18}.Release|Any CPU.Build.0 = Release|Any CPU
		{114780F7-F716-433D-8C67-60872F252667}.Debug|Any CPU.ActiveCfg = Debug|Any CPU
		{114780F7-F716-433D-8C67-60872F252667}.Debug|Any CPU.Build.0 = Debug|Any CPU
		{114780F7-F716-433D-8C67-60872F252667}.Release|Any CPU.ActiveCfg = Release|Any CPU
		{114780F7-F716-433D-8C67-60872F252667}.Release|Any CPU.Build.0 = Release|Any CPU
		{F42263AB-2666-4315-833E-3CDC579D108F}.Debug|Any CPU.ActiveCfg = Debug|Any CPU
		{F42263AB-2666-4315-833E-3CDC579D108F}.Debug|Any CPU.Build.0 = Debug|Any CPU
		{F42263AB-2666-4315-833E-3CDC579D108F}.Release|Any CPU.ActiveCfg = Release|Any CPU
		{F42263AB-2666-4315-833E-3CDC579D108F}.Release|Any CPU.Build.0 = Release|Any CPU
		{BF3B3F3F-A613-4A76-AD09-0FD4138B17EF}.Debug|Any CPU.ActiveCfg = Debug|Any CPU
		{BF3B3F3F-A613-4A76-AD09-0FD4138B17EF}.Debug|Any CPU.Build.0 = Debug|Any CPU
		{BF3B3F3F-A613-4A76-AD09-0FD4138B17EF}.Release|Any CPU.ActiveCfg = Release|Any CPU
		{BF3B3F3F-A613-4A76-AD09-0FD4138B17EF}.Release|Any CPU.Build.0 = Release|Any CPU
		{E9379327-5042-4607-BEC2-401BFB385F08}.Debug|Any CPU.ActiveCfg = Debug|Any CPU
		{E9379327-5042-4607-BEC2-401BFB385F08}.Debug|Any CPU.Build.0 = Debug|Any CPU
		{E9379327-5042-4607-BEC2-401BFB385F08}.Release|Any CPU.ActiveCfg = Release|Any CPU
		{E9379327-5042-4607-BEC2-401BFB385F08}.Release|Any CPU.Build.0 = Release|Any CPU
		{4AF18F5B-3E0B-4F82-A690-8E261A5F8752}.Debug|Any CPU.ActiveCfg = Debug|Any CPU
		{4AF18F5B-3E0B-4F82-A690-8E261A5F8752}.Debug|Any CPU.Build.0 = Debug|Any CPU
		{4AF18F5B-3E0B-4F82-A690-8E261A5F8752}.Release|Any CPU.ActiveCfg = Release|Any CPU
		{4AF18F5B-3E0B-4F82-A690-8E261A5F8752}.Release|Any CPU.Build.0 = Release|Any CPU
		{CB015AB6-3111-4C29-B3B8-6DF2CFC23F90}.Debug|Any CPU.ActiveCfg = Debug|Any CPU
		{CB015AB6-3111-4C29-B3B8-6DF2CFC23F90}.Debug|Any CPU.Build.0 = Debug|Any CPU
		{CB015AB6-3111-4C29-B3B8-6DF2CFC23F90}.Release|Any CPU.ActiveCfg = Release|Any CPU
		{CB015AB6-3111-4C29-B3B8-6DF2CFC23F90}.Release|Any CPU.Build.0 = Release|Any CPU
		{214EDB28-AD4C-43A9-AAF0-FCB5D19D9A75}.Debug|Any CPU.ActiveCfg = Debug|Any CPU
		{214EDB28-AD4C-43A9-AAF0-FCB5D19D9A75}.Debug|Any CPU.Build.0 = Debug|Any CPU
		{214EDB28-AD4C-43A9-AAF0-FCB5D19D9A75}.Release|Any CPU.ActiveCfg = Release|Any CPU
		{214EDB28-AD4C-43A9-AAF0-FCB5D19D9A75}.Release|Any CPU.Build.0 = Release|Any CPU
		{C4B8BE61-A81D-4DF2-ADEA-DF311E199AE8}.Debug|Any CPU.ActiveCfg = Debug|Any CPU
		{C4B8BE61-A81D-4DF2-ADEA-DF311E199AE8}.Debug|Any CPU.Build.0 = Debug|Any CPU
		{C4B8BE61-A81D-4DF2-ADEA-DF311E199AE8}.Release|Any CPU.ActiveCfg = Release|Any CPU
		{C4B8BE61-A81D-4DF2-ADEA-DF311E199AE8}.Release|Any CPU.Build.0 = Release|Any CPU
		{19137109-5CCF-4959-8F46-2FCA5DE96866}.Debug|Any CPU.ActiveCfg = Debug|Any CPU
		{19137109-5CCF-4959-8F46-2FCA5DE96866}.Debug|Any CPU.Build.0 = Debug|Any CPU
		{19137109-5CCF-4959-8F46-2FCA5DE96866}.Release|Any CPU.ActiveCfg = Release|Any CPU
		{19137109-5CCF-4959-8F46-2FCA5DE96866}.Release|Any CPU.Build.0 = Release|Any CPU
		{BBE9181E-4CD1-43C5-92F3-5F00F0DB8329}.Debug|Any CPU.ActiveCfg = Debug|Any CPU
		{BBE9181E-4CD1-43C5-92F3-5F00F0DB8329}.Debug|Any CPU.Build.0 = Debug|Any CPU
		{BBE9181E-4CD1-43C5-92F3-5F00F0DB8329}.Release|Any CPU.ActiveCfg = Release|Any CPU
		{BBE9181E-4CD1-43C5-92F3-5F00F0DB8329}.Release|Any CPU.Build.0 = Release|Any CPU
		{5AFD4844-80C3-4AE0-82EA-C68C374067E7}.Debug|Any CPU.ActiveCfg = Debug|Any CPU
		{5AFD4844-80C3-4AE0-82EA-C68C374067E7}.Debug|Any CPU.Build.0 = Debug|Any CPU
		{5AFD4844-80C3-4AE0-82EA-C68C374067E7}.Release|Any CPU.ActiveCfg = Release|Any CPU
		{5AFD4844-80C3-4AE0-82EA-C68C374067E7}.Release|Any CPU.Build.0 = Release|Any CPU
		{13FE33C9-ECB3-4DDE-9B4A-0DDA6224B4C0}.Debug|Any CPU.ActiveCfg = Debug|Any CPU
		{13FE33C9-ECB3-4DDE-9B4A-0DDA6224B4C0}.Debug|Any CPU.Build.0 = Debug|Any CPU
		{13FE33C9-ECB3-4DDE-9B4A-0DDA6224B4C0}.Release|Any CPU.ActiveCfg = Release|Any CPU
		{13FE33C9-ECB3-4DDE-9B4A-0DDA6224B4C0}.Release|Any CPU.Build.0 = Release|Any CPU
		{C4C9C322-CEFF-4F39-A9E9-30F2C0E48261}.Debug|Any CPU.ActiveCfg = Debug|Any CPU
		{C4C9C322-CEFF-4F39-A9E9-30F2C0E48261}.Debug|Any CPU.Build.0 = Debug|Any CPU
		{C4C9C322-CEFF-4F39-A9E9-30F2C0E48261}.Release|Any CPU.ActiveCfg = Release|Any CPU
		{C4C9C322-CEFF-4F39-A9E9-30F2C0E48261}.Release|Any CPU.Build.0 = Release|Any CPU
	EndGlobalSection
	GlobalSection(SolutionProperties) = preSolution
		HideSolutionNode = FALSE
	EndGlobalSection
	GlobalSection(NestedProjects) = preSolution
		{9E99FB07-F643-4899-9E3F-7A5E50998F05} = {460D81BB-5C2D-45B5-8A5A-603EDD4D31F8}
		{2A40CB8E-5C82-4E95-8E9E-1B0655518BAF} = {460D81BB-5C2D-45B5-8A5A-603EDD4D31F8}
		{94850F45-DA4B-4864-A4FC-5A7F2A4B2208} = {6FE9EB90-0F6E-40B6-82E3-6266716FC0CA}
		{2B9DCED7-EEA8-4D58-A069-208CE710376B} = {6FE9EB90-0F6E-40B6-82E3-6266716FC0CA}
		{13A9A74A-9BFC-46F9-9EE3-5923CE48732B} = {6FE9EB90-0F6E-40B6-82E3-6266716FC0CA}
		{CECEDF8D-30F7-425A-BF43-F0A9CD30F73A} = {6FE9EB90-0F6E-40B6-82E3-6266716FC0CA}
		{19202F06-AFA9-4108-AFD5-40EC76915AAB} = {6FE9EB90-0F6E-40B6-82E3-6266716FC0CA}
		{44A602B2-7A10-4C7A-A623-E6BEBD14D8C7} = {80AEDE01-9235-40F8-8570-EAFC95F25ABA}
		{90CCA6B0-300F-477C-90FD-2571B91C6278} = {80AEDE01-9235-40F8-8570-EAFC95F25ABA}
		{58427F7B-3C80-473B-B1DD-377ED42B125F} = {80AEDE01-9235-40F8-8570-EAFC95F25ABA}
		{9A50A6FA-F744-42B8-A143-C47A86BB33D2} = {80AEDE01-9235-40F8-8570-EAFC95F25ABA}
		{A1544064-366F-417F-8C38-2AC0B3900EAB} = {80AEDE01-9235-40F8-8570-EAFC95F25ABA}
		{C2BADD1B-CC89-48F4-AD48-E12A5F8D0809} = {80AEDE01-9235-40F8-8570-EAFC95F25ABA}
		{1F63D161-26E9-436B-B29A-D9B6D74877B8} = {80AEDE01-9235-40F8-8570-EAFC95F25ABA}
		{DF1673FE-C0AC-48E9-B4C6-4D53EB29A1DC} = {80AEDE01-9235-40F8-8570-EAFC95F25ABA}
		{3E37CE3E-0E28-4340-96AF-A186F33C688F} = {6F514D92-A26E-4701-9526-549987F653A2}
		{265BA9BA-DEB9-43DF-94C4-9A4F7217CB09} = {6F514D92-A26E-4701-9526-549987F653A2}
		{CC721A73-33E5-4FA3-B835-8CA961AB8C3E} = {6F514D92-A26E-4701-9526-549987F653A2}
		{DB01B694-9711-4C70-8146-862EEA0FEC30} = {6F514D92-A26E-4701-9526-549987F653A2}
		{77EF1412-A20C-436C-8B97-67A3A8508EB6} = {6F514D92-A26E-4701-9526-549987F653A2}
		{208E06CE-62AB-49B8-8CC6-80210E34760A} = {6F514D92-A26E-4701-9526-549987F653A2}
		{D8191F14-0888-4B41-8A6D-773BD94C6CCF} = {6F514D92-A26E-4701-9526-549987F653A2}
		{5117881D-A187-409A-B9BD-7BA8EB0B3D50} = {6F514D92-A26E-4701-9526-549987F653A2}
		{36C17374-AF14-45F3-9372-B89C7B0B4F81} = {6F514D92-A26E-4701-9526-549987F653A2}
		{E7D2256F-2136-4471-8772-BF0E38ECF6CB} = {18F721E4-0F23-47C2-B35A-B79778B8FB2A}
		{0D7F07B6-CA33-4F62-A430-A9D8C4DFAFD6} = {18F721E4-0F23-47C2-B35A-B79778B8FB2A}
		{3189EF5A-D49A-49D2-9DAD-D342E80EECEB} = {18F721E4-0F23-47C2-B35A-B79778B8FB2A}
		{25D390F5-3A72-4103-AB7C-3755E6FA887F} = {18F721E4-0F23-47C2-B35A-B79778B8FB2A}
		{9557E32D-3C7F-4BF1-8BE7-2F803E76806F} = {18F721E4-0F23-47C2-B35A-B79778B8FB2A}
		{41768C05-EF96-4FC0-A733-49E3EA0F8849} = {18F721E4-0F23-47C2-B35A-B79778B8FB2A}
		{29336E5F-92E7-43AC-8892-F3BBCBB50B1F} = {18F721E4-0F23-47C2-B35A-B79778B8FB2A}
		{E43C9698-8205-4415-8EF6-C80F86507D4A} = {2A20FA29-CEFA-4544-9DF7-2A891EF60924}
		{581A4BD4-FC60-4F88-9B69-E015D8A98BE4} = {2A20FA29-CEFA-4544-9DF7-2A891EF60924}
		{C294C6BB-4347-427C-A322-F3AA92A624C2} = {2A20FA29-CEFA-4544-9DF7-2A891EF60924}
		{C8D5D762-947F-4709-9095-7D30478218DF} = {2A20FA29-CEFA-4544-9DF7-2A891EF60924}
		{5D9FBE73-6E63-4227-BCD6-2C6E0F5D0312} = {2A20FA29-CEFA-4544-9DF7-2A891EF60924}
		{BAC34EF4-C839-4EA7-9FFC-76AA382026B1} = {34D6F7C3-5402-41F9-9198-6D41C2E3296F}
		{E10B014E-E82E-42D5-8D4C-31503AD4E49E} = {34D6F7C3-5402-41F9-9198-6D41C2E3296F}
		{1C48ED6D-64B1-4212-A394-1F620666AD53} = {8EDB635D-C5A4-4EBC-8369-BC2E36FA403E}
		{E3241148-EA3A-4B4B-8F3F-B2CDD74C35AC} = {8EDB635D-C5A4-4EBC-8369-BC2E36FA403E}
		{28A46D27-DC46-4274-9C07-E0C1F5012839} = {8EDB635D-C5A4-4EBC-8369-BC2E36FA403E}
		{16811B8F-85B7-463D-83DB-49483AA84D69} = {0B56FA11-BBC2-48B2-8E8C-54EF55C41221}
		{B30C8FF4-9368-4640-A15D-D978DFD33AAA} = {0B56FA11-BBC2-48B2-8E8C-54EF55C41221}
		{DBF5119E-FCCB-4F94-AFDE-E3677E4C1507} = {0B56FA11-BBC2-48B2-8E8C-54EF55C41221}
		{9F97D142-9EFA-4FD4-9629-ECEA7FDADFC0} = {0B56FA11-BBC2-48B2-8E8C-54EF55C41221}
		{709EEA92-193F-4F4A-8A5E-C22E521D46D2} = {0B56FA11-BBC2-48B2-8E8C-54EF55C41221}
		{BF4F0910-E164-488C-B5E0-DB76C53A1C28} = {0B56FA11-BBC2-48B2-8E8C-54EF55C41221}
		{18772D12-33E5-474B-A126-9B2D666E2622} = {0B56FA11-BBC2-48B2-8E8C-54EF55C41221}
		{4CFA0AFA-64D8-4F9E-9325-62864E667FC7} = {0B56FA11-BBC2-48B2-8E8C-54EF55C41221}
		{3B616760-F493-42BB-97B9-8D05A2CD6E18} = {31955289-E96B-495E-BE41-487C222D5494}
		{114780F7-F716-433D-8C67-60872F252667} = {31955289-E96B-495E-BE41-487C222D5494}
		{F42263AB-2666-4315-833E-3CDC579D108F} = {D027040B-8313-4502-B53E-A43A9C7E272D}
		{BF3B3F3F-A613-4A76-AD09-0FD4138B17EF} = {D027040B-8313-4502-B53E-A43A9C7E272D}
		{E9379327-5042-4607-BEC2-401BFB385F08} = {D027040B-8313-4502-B53E-A43A9C7E272D}
		{4AF18F5B-3E0B-4F82-A690-8E261A5F8752} = {D027040B-8313-4502-B53E-A43A9C7E272D}
		{CB015AB6-3111-4C29-B3B8-6DF2CFC23F90} = {64E610FC-1D30-465C-869A-806EBB8E7CE8}
		{214EDB28-AD4C-43A9-AAF0-FCB5D19D9A75} = {64E610FC-1D30-465C-869A-806EBB8E7CE8}
		{C4B8BE61-A81D-4DF2-ADEA-DF311E199AE8} = {64E610FC-1D30-465C-869A-806EBB8E7CE8}
		{19137109-5CCF-4959-8F46-2FCA5DE96866} = {64E610FC-1D30-465C-869A-806EBB8E7CE8}
		{BBE9181E-4CD1-43C5-92F3-5F00F0DB8329} = {F150B92F-FF7E-4183-9212-F23A09378787}
		{5AFD4844-80C3-4AE0-82EA-C68C374067E7} = {D027040B-8313-4502-B53E-A43A9C7E272D}
		{13FE33C9-ECB3-4DDE-9B4A-0DDA6224B4C0} = {137963AF-4923-4700-99D6-FDD0ADCDBF57}
		{C4C9C322-CEFF-4F39-A9E9-30F2C0E48261} = {137963AF-4923-4700-99D6-FDD0ADCDBF57}
	EndGlobalSection
	GlobalSection(ExtensibilityGlobals) = postSolution
		SolutionGuid = {70BB9ED6-4BC2-483C-A6E9-669F5491740D}
	EndGlobalSection
EndGlobal
