
Microsoft Visual Studio Solution File, Format Version 12.00
# Visual Studio Version 16
VisualStudioVersion = 16.0.30621.155
MinimumVisualStudioVersion = 10.0.40219.1
Project("{FAE04EC0-301F-11D3-BF4B-00C04F79EFBC}") = "Flat", "Flat\Flat.csproj", "{1D157BCE-0E69-4BE0-AA1B-4EC3A25F87EB}"
EndProject
Global
	GlobalSection(SolutionConfigurationPlatforms) = preSolution
		Debug|Any CPU = Debug|Any CPU
		Release|Any CPU = Release|Any CPU
	EndGlobalSection
	GlobalSection(ProjectConfigurationPlatforms) = postSolution
		{1D157BCE-0E69-4BE0-AA1B-4EC3A25F87EB}.Debug|Any CPU.ActiveCfg = Debug|Any CPU
		{1D157BCE-0E69-4BE0-AA1B-4EC3A25F87EB}.Debug|Any CPU.Build.0 = Debug|Any CPU
		{1D157BCE-0E69-4BE0-AA1B-4EC3A25F87EB}.Release|Any CPU.ActiveCfg = Release|Any CPU
		{1D157BCE-0E69-4BE0-AA1B-4EC3A25F87EB}.Release|Any CPU.Build.0 = Release|Any CPU
	EndGlobalSection
	GlobalSection(SolutionProperties) = preSolution
		HideSolutionNode = FALSE
	EndGlobalSection
	GlobalSection(ExtensibilityGlobals) = postSolution
		SolutionGuid = {BB1D24AF-2EAB-4CF3-AB50-8C78DC90BFF9}
	EndGlobalSection
EndGlobal
